lockfileVersion: '9.0'

settings:
  autoInstallPeers: true
  excludeLinksFromLockfile: false

importers:

  .:
    dependencies:
      '@bufbuild/protobuf':
        specifier: ^2.11.0
        version: 2.11.0
      '@connectrpc/connect':
        specifier: ^2.1.1
        version: 2.1.1(@bufbuild/protobuf@2.11.0)
      '@connectrpc/connect-node':
        specifier: ^2.1.1
        version: 2.1.1(@bufbuild/protobuf@2.11.0)(@connectrpc/connect@2.1.1(@bufbuild/protobuf@2.11.0))
      '@connectum/core':
        specifier: ^1.0.0
        version: 1.0.0
      '@connectum/healthcheck':
        specifier: ^1.0.0
        version: 1.0.0(@connectum/core@1.0.0)
      '@connectum/interceptors':
        specifier: ^1.0.0
        version: 1.0.0(@bufbuild/protovalidate@1.1.1(@bufbuild/protobuf@2.11.0))
      '@connectum/otel':
        specifier: ^1.0.0
        version: 1.0.0(@bufbuild/protobuf@2.11.0)
      '@connectum/reflection':
        specifier: ^1.0.0
        version: 1.0.0(@connectum/core@1.0.0)
    devDependencies:
      '@bufbuild/buf':
        specifier: ^1.65.0
        version: 1.66.1
      '@bufbuild/protoc-gen-es':
        specifier: ^2.11.0
        version: 2.11.0(@bufbuild/protobuf@2.11.0)
      '@types/node':
        specifier: ^25.2.0
        version: 25.5.0
      typescript:
        specifier: ^5.9.3
        version: 5.9.3

packages:

  '@bufbuild/buf-darwin-arm64@1.66.1':
    resolution: {integrity: sha512-Yl7vvFhKrA87ctsIiwN2XWbJq34VxWoEzNBe9dhrutKLpy7hM7l/ylDCuctqPh+CGdSUijQfmHiA4bQgK8s2yQ==}
    engines: {node: '>=12'}
    cpu: [arm64]
    os: [darwin]

  '@bufbuild/buf-darwin-x64@1.66.1':
    resolution: {integrity: sha512-pRbu0l7jtbXBBCq/7wrs2ZUFzCkDBDGuT3xlQt04k1SgIoW1lznpDnUZ6vbQj1rIU94dCbnsuL7M6k+rCFafOA==}
    engines: {node: '>=12'}
    cpu: [x64]
    os: [darwin]

  '@bufbuild/buf-linux-aarch64@1.66.1':
    resolution: {integrity: sha512-V/dwOAcQ9r5B6BUEtUeVPvkpNxYhmHLILrJZmIqNdjpInVQWknpGm1Mmpy2xANuOhRh7O/Huq7kaoQvNjSdnWQ==}
    engines: {node: '>=12'}
    cpu: [arm64]
    os: [linux]

  '@bufbuild/buf-linux-armv7@1.66.1':
    resolution: {integrity: sha512-WDmspvGLq/lNVj4jAb2TDWVKLzG9l5nwhNsZOo1I5UKrE0PD2LdbM7YdnMne15AIg3qlUxHqq2Eg8pVyxHqCqw==}
    engines: {node: '>=12'}
    cpu: [arm]
    os: [linux]

  '@bufbuild/buf-linux-x64@1.66.1':
    resolution: {integrity: sha512-at0JeAlc+pquaNB/80R5F6bQs1gtdSuJRj+naei+lH2L2M1yQTiYU3f9dJnY4hVbq4/JbxSdxqJx2VOLPt1ztw==}
    engines: {node: '>=12'}
    cpu: [x64]
    os: [linux]

  '@bufbuild/buf-win32-arm64@1.66.1':
    resolution: {integrity: sha512-gb2LDuqkY1RSFIOMYJQTimTLIsW2/pqOvcPWBDApUZBOQS5CJdrAtuoBqRzpqrI02OF45uinKmqq+9dun/X92A==}
    engines: {node: '>=12'}
    cpu: [arm64]
    os: [win32]

  '@bufbuild/buf-win32-x64@1.66.1':
    resolution: {integrity: sha512-QzDiv9dAUr89HjHsKOrC5EQB+2aWVwKmhZFYzAGgHTt+ONAgz9RgLhwIm6LTtrLigB0LIHk/nLMIXB3sXUhyrg==}
    engines: {node: '>=12'}
    cpu: [x64]
    os: [win32]

  '@bufbuild/buf@1.66.1':
    resolution: {integrity: sha512-TelMLptEDfdcl8D+WjKQLzGGYKAwOSVjCPJ21L9X9xT7KZHigTAhHP5idrTCtXKHHPPQB6Sq12wVnhWgFQ9s7w==}
    engines: {node: '>=12'}
    hasBin: true

  '@bufbuild/cel-spec@0.4.0':
    resolution: {integrity: sha512-dUS6f2fNt6KEumsYGE7YFxERZE5ZuyME1hQmGjtO8tkZhR6ow6/ne3v4Gik9cfdb9lSLK3AJ+vDxCdGWmDbWvA==}
    peerDependencies:
      '@bufbuild/protobuf': ^2.6.2

  '@bufbuild/cel@0.4.0':
    resolution: {integrity: sha512-CdW/JgiTJCYXqnwuaJRo7NcoYhR37AaF58MMiog0/t8nudn86ZyLXYaA1f2yGhm2U17h8pKGZNksTHVSTcpmAw==}
    peerDependencies:
      '@bufbuild/protobuf': ^2.6.2

  '@bufbuild/protobuf@2.11.0':
    resolution: {integrity: sha512-sBXGT13cpmPR5BMgHE6UEEfEaShh5Ror6rfN3yEK5si7QVrtZg8LEPQb0VVhiLRUslD2yLnXtnRzG035J/mZXQ==}

  '@bufbuild/protobuf@2.12.0':
    resolution: {integrity: sha512-B/XlCaFIP8LOwzo+bz5uFzATYokcwCKQcghqnlfwSmM5eX/qTkvDBnDPs+gXtX/RyjxJ4DRikECcPJbyALA8FA==}

  '@bufbuild/protoc-gen-es@2.11.0':
    resolution: {integrity: sha512-VzQuwEQDXipbZ1soWUuAWm1Z0C3B/IDWGeysnbX6ogJ6As91C2mdvAND/ekQ4YIWgen4d5nqLfIBOWLqCCjYUA==}
    engines: {node: '>=20'}
    hasBin: true
    peerDependencies:
      '@bufbuild/protobuf': 2.11.0
    peerDependenciesMeta:
      '@bufbuild/protobuf':
        optional: true

  '@bufbuild/protoplugin@2.11.0':
    resolution: {integrity: sha512-lyZVNFUHArIOt4W0+dwYBe5GBwbKzbOy8ObaloEqsw9Mmiwv2O48TwddDoHN4itylC+BaEGqFdI1W8WQt2vWJQ==}

  '@bufbuild/protovalidate@1.1.1':
    resolution: {integrity: sha512-sE6CojU25nfeb1w88Sm+jRnmk4GvQTeEZvLDHHDPvIHbj2NsDJWFAUJdJr+RcuMnjdWmbur+rAS38VuEK/XviQ==}
    peerDependencies:
      '@bufbuild/protobuf': ^2.8.0

  '@connectrpc/connect-node@2.1.1':
    resolution: {integrity: sha512-s3TfsI1XF+n+1z6MBS9rTnFsxxR4Rw5wmdEnkQINli81ESGxcsfaEet8duzq8LVuuCupmhUsgpRo0Nv9pZkufg==}
    engines: {node: '>=20'}
    peerDependencies:
      '@bufbuild/protobuf': ^2.7.0
      '@connectrpc/connect': 2.1.1

  '@connectrpc/connect-node@2.1.2':
    resolution: {integrity: sha512-+i/aAOpsI8sIx1mbYp6d99zvxaUSF6t/jP9Ux9maAmjsZPgmIQ3JuIeYi0zJIP9zlCnBlJjkpPosshCgdRuThQ==}
    engines: {node: '>=20'}
    peerDependencies:
      '@bufbuild/protobuf': ^2.7.0
      '@connectrpc/connect': 2.1.2

  '@connectrpc/connect@2.1.1':
    resolution: {integrity: sha512-JzhkaTvM73m2K1URT6tv53k2RwngSmCXLZJgK580qNQOXRzZRR/BCMfZw3h+90JpnG6XksP5bYT+cz0rpUzUWQ==}
    peerDependencies:
      '@bufbuild/protobuf': ^2.7.0

  '@connectrpc/connect@2.1.2':
    resolution: {integrity: sha512-MXkBijtcX09R10Eb6sFeIetc6w6746eio6xtfuyVOH7oQAacT1X0GzMIQFux6Qy8cq3W/T5qX5Bei8YbFtmRGA==}
    peerDependencies:
      '@bufbuild/protobuf': ^2.7.0

  '@connectrpc/validate@0.2.0':
    resolution: {integrity: sha512-u1hdyt1WaFkKpuT/3J2wYlCjYLkYHMZamoatgxTIsV5Q8H9fO2px3zecmb0Q47YDjkZqnX6z0PAEstK+dNYiEQ==}
    peerDependencies:
      '@bufbuild/protobuf': ^2.9.0
      '@bufbuild/protovalidate': ^1.0.0
      '@connectrpc/connect': ^2.0.3

  '@connectum/core@1.0.0':
    resolution: {integrity: sha512-6xlM4EngNAbM6RJEdVBvDOXyWeQGMPgVMWoprrh9NOlGDddqxd49qYhagyM7qKF5nGrU6Y6mN+INS+RXD4GXeg==}
    engines: {node: '>=22.13.0'}

  '@connectum/healthcheck@1.0.0':
    resolution: {integrity: sha512-brzgMu4WY/kVlBDTHe2Xw/DDrygxx8Cwj7fiyS1KVx56kgXYmVuumJoKgODwpIK0Lz7PwCXeLNma973fHgd+OQ==}
    engines: {node: '>=22.13.0'}
    peerDependencies:
      '@connectum/core': ^1.0.0

  '@connectum/interceptors@1.0.0':
    resolution: {integrity: sha512-sgKO+Kgi4QuIOIFdANloj9xI5Uzmdl7KhallUqxsS6z+GqPe87B5gvzWROqK/YWe7oXpos0N76InHYow/7frsg==}
    engines: {node: '>=22.13.0'}

  '@connectum/otel@1.0.0':
    resolution: {integrity: sha512-qH57KDpt7Vh9v0mIUKCkXB5xNQqdH5iU1MIdloyuyXrYXzUrRuBOOFIm7K9ynQftmkiaAf4Dy1X2QGACEQk2SA==}
    engines: {node: '>=22.13.0'}

  '@connectum/reflection@1.0.0':
    resolution: {integrity: sha512-yx2WWtT+Tzah62EDrKuSBW1jPOOq4uqXfm5bGEoIwgIrORid1H1oY9KXPt/dV6WyiQeASqHk1ZxGVIHqr9UGZA==}
    engines: {node: '>=22.13.0'}
    peerDependencies:
      '@connectum/core': ^1.0.0

  '@grpc/grpc-js@1.14.3':
    resolution: {integrity: sha512-Iq8QQQ/7X3Sac15oB6p0FmUg/klxQvXLeileoqrTRGJYLV+/9tubbr9ipz0GKHjmXVsgFPo/+W+2cA8eNcR+XA==}
    engines: {node: '>=12.10.0'}

  '@grpc/proto-loader@0.8.0':
    resolution: {integrity: sha512-rc1hOQtjIWGxcxpb9aHAfLpIctjEnsDehj0DAiVfBlmT84uvR0uUtN2hEi/ecvWVjXUGf5qPF4qEgiLOx1YIMQ==}
    engines: {node: '>=6'}
    hasBin: true

  '@js-sdsl/ordered-map@4.4.2':
    resolution: {integrity: sha512-iUKgm52T8HOE/makSxjqoWhe95ZJA1/G1sYsGev2JDKUSS14KAgg1LHb+Ba+IPow0xflbnSkOsZcO08C7w1gYw==}

  '@lambdalisue/connectrpc-grpcreflect@0.5.0':
    resolution: {integrity: sha512-OisIo84Kmv4sTIFSC8v6sFxlj7H22g8uvRScqFz8ZIWEhNdg7rJK60G05EdQo5juNSK0KzG+x31TieikgQotog==}

  '@opentelemetry/api-logs@0.219.0':
    resolution: {integrity: sha512-FFx7YnaYJlIjqWW/AG/yAZ0L/NEY724PipXXXQLdtZPbLwBGbUMTGL1i/esI56TWfTUXxhLfpgrnWJCG8aUJyg==}
    engines: {node: '>=8.0.0'}

  '@opentelemetry/api@1.9.0':
    resolution: {integrity: sha512-3giAOQvZiH5F9bMlMiv8+GSPMeqg0dbaeo58/0SlA9sxSqZhnUtxzX9/2FzyhS9sWQf5S0GJE0AKBrFqjpeYcg==}
    engines: {node: '>=8.0.0'}

  '@opentelemetry/context-async-hooks@2.8.0':
    resolution: {integrity: sha512-/3FIraneMcng67SUJCxvyInk/oxzwsxyadufk0wwfOBLf5wqtAGX4MoQASwSbndBPeARzBryUM9Azr5kHIdWLw==}
    engines: {node: ^18.19.0 || >=20.6.0}
    peerDependencies:
      '@opentelemetry/api': '>=1.0.0 <1.10.0'

  '@opentelemetry/core@2.8.0':
    resolution: {integrity: sha512-hd1Lfh8p545nNz+jq1Ejfz+Mn1hyLuxYn1YzTfFNrxr8urEWMNQLPf1Th8kjOH+HxwawCrtgBp8JpBUR4ZSgww==}
    engines: {node: ^18.19.0 || >=20.6.0}
    peerDependencies:
      '@opentelemetry/api': '>=1.0.0 <1.10.0'

  '@opentelemetry/exporter-logs-otlp-grpc@0.219.0':
    resolution: {integrity: sha512-7SvzDCIclHWAcCwZ1MTOLcwn4BVNPGI3QxS/DJraPNe1TTL+4TvUBq5zeQV8tsnYvtDN7wKW2qocVmaCP2l7sQ==}
    engines: {node: ^18.19.0 || >=20.6.0}
    peerDependencies:
      '@opentelemetry/api': ^1.3.0

  '@opentelemetry/exporter-logs-otlp-http@0.219.0':
    resolution: {integrity: sha512-mhl2HL6GmZI8b8PwPfqMws/5ovJfbRTxwc9Y5agVVHiQ+e5SL1btsFr/kJDgt7YCexDtsUn5HAreHQO9szFS0A==}
    engines: {node: ^18.19.0 || >=20.6.0}
    peerDependencies:
      '@opentelemetry/api': ^1.3.0

  '@opentelemetry/exporter-metrics-otlp-grpc@0.219.0':
    resolution: {integrity: sha512-6LaaSrPxK5L55bXevWajvOMxGOpNm0n12tG53TeZaUeNzXwLPg6d2KCC1zAlGsojan+xRG71mA4Qqs9K2VVrKQ==}
    engines: {node: ^18.19.0 || >=20.6.0}
    peerDependencies:
      '@opentelemetry/api': ^1.3.0

  '@opentelemetry/exporter-metrics-otlp-http@0.219.0':
    resolution: {integrity: sha512-6CaDRbMVHZSDWzNXwrR8y/H4B/Z1eMNnkHiPQlTx3Ojz2OHY4X/aff/UC4P/3pHUQSuTfi3oh2UsPPZppw+Vrg==}
    engines: {node: ^18.19.0 || >=20.6.0}
    peerDependencies:
      '@opentelemetry/api': ^1.3.0

  '@opentelemetry/exporter-trace-otlp-grpc@0.219.0':
    resolution: {integrity: sha512-BkDNv1UD6BscW19MxbAxVmSYSSFuyeqR6buV2/HTYqA7GrR0EbTFzqG6h86T3PtXmpdbsWjMGLDdjG2rikG27Q==}
    engines: {node: ^18.19.0 || >=20.6.0}
    peerDependencies:
      '@opentelemetry/api': ^1.3.0

  '@opentelemetry/exporter-trace-otlp-http@0.219.0':
    resolution: {integrity: sha512-9t6SvBXXBEjOBcIzgozvBbd3jWrv3Gt3ngGhl1fhdZ/zRc7oZDVOFEqbi2zlBpW9BXhgDMKv422J0DL/3iQWfw==}
    engines: {node: ^18.19.0 || >=20.6.0}
    peerDependencies:
      '@opentelemetry/api': ^1.3.0

  '@opentelemetry/otlp-exporter-base@0.219.0':
    resolution: {integrity: sha512-zvIxQX/AZUVKDU+hCuYx+7UkiP7GRdnk1ZbFQRYzHvYp47cAWR4j3IhoPhV9KaeXEv2xdGq3IA6PnpzDmLcmSA==}
    engines: {node: ^18.19.0 || >=20.6.0}
    peerDependencies:
      '@opentelemetry/api': ^1.3.0

  '@opentelemetry/otlp-grpc-exporter-base@0.219.0':
    resolution: {integrity: sha512-iIk/s8QQu39zpTrRRmsW/Eg3SE2+Hg8tLWepr2FLRgmwUpNd0IpCTLJEHJ77hpt4hgIS8MAh44UYI4xQPZwWlw==}
    engines: {node: ^18.19.0 || >=20.6.0}
    peerDependencies:
      '@opentelemetry/api': ^1.3.0

  '@opentelemetry/otlp-transformer@0.219.0':
    resolution: {integrity: sha512-aaYKAyXhw9VchKZVGOopD3Gw/kPsyrX2c6IQ0AW32mTjqmZOh5Y6Gf5OYqTNqVktAeBjmFinhyFaCwW6GYK9YQ==}
    engines: {node: ^18.19.0 || >=20.6.0}
    peerDependencies:
      '@opentelemetry/api': ^1.3.0

  '@opentelemetry/resources@2.8.0':
    resolution: {integrity: sha512-qmXQ27ilDbUK/vGMqwL8D4/rhn76C+sherM4wTbjlfknR8Nvfc/hCxjRJPhkzZzUsPiNg16SA31NxMabwttRjg==}
    engines: {node: ^18.19.0 || >=20.6.0}
    peerDependencies:
      '@opentelemetry/api': '>=1.3.0 <1.10.0'

  '@opentelemetry/sdk-logs@0.219.0':
    resolution: {integrity: sha512-s6lTKRakaPClvKoWHRChxnXjDMkM/TQ30ff78jN6EBGf7MI7VzANE5PU3f4z9qDUudWjvZjOLHG0rBnBKYvoXA==}
    engines: {node: ^18.19.0 || >=20.6.0}
    peerDependencies:
      '@opentelemetry/api': '>=1.4.0 <1.10.0'

  '@opentelemetry/sdk-metrics@2.8.0':
    resolution: {integrity: sha512-UDBGaj6W0Rgy5rTTaoxs8gVGF/aGkAKyjurJv7se6wjRxJu7FoquTLT/vt54DZfo4crbprYfhX/SOK9+BPw1qg==}
    engines: {node: ^18.19.0 || >=20.6.0}
    peerDependencies:
      '@opentelemetry/api': '>=1.9.0 <1.10.0'

  '@opentelemetry/sdk-trace-base@2.8.0':
    resolution: {integrity: sha512-mhU4jp+vW0mGbFRd+GeXHvmfA4aDqWjBjLC3pE5XMpLs0IE2ryYb019Ts2AQrOq67gaTF25D91+fgvEHDZEnuQ==}
    engines: {node: ^18.19.0 || >=20.6.0}
    peerDependencies:
      '@opentelemetry/api': '>=1.3.0 <1.10.0'

  '@opentelemetry/sdk-trace-node@2.8.0':
    resolution: {integrity: sha512-nZt9OGufioAc3AfoLTqA9bsAeaMJAictYDdI2VcNQ+PmT+3rfKjAZDZvgPfd8VPX0O5Bw1hdQF6kDK8VSpZiWg==}
    engines: {node: ^18.19.0 || >=20.6.0}
    peerDependencies:
      '@opentelemetry/api': '>=1.0.0 <1.10.0'

  '@opentelemetry/semantic-conventions@1.40.0':
    resolution: {integrity: sha512-cifvXDhcqMwwTlTK04GBNeIe7yyo28Mfby85QXFe1Yk8nmi36Ab/5UQwptOx84SsoGNRg+EVSjwzfSZMy6pmlw==}
    engines: {node: '>=14'}

  '@opentelemetry/semantic-conventions@1.41.1':
    resolution: {integrity: sha512-/UhIkaZgPutTFmQ7RnIJGgDXZmtEJ7Dvi86xNTFWcnRxVRNk/aotsqDJYeEvDP+FSMB2SdW+pQzNMcWP0rwuNA==}
    engines: {node: '>=14'}

  '@protobufjs/aspromise@1.1.2':
    resolution: {integrity: sha512-j+gKExEuLmKwvz3OgROXtrJ2UG2x8Ch2YZUxahh+s1F2HZ+wAceUNLkvy6zKCPVRkU++ZWQrdxsUeQXmcg4uoQ==}

  '@protobufjs/base64@1.1.2':
    resolution: {integrity: sha512-AZkcAA5vnN/v4PDqKyMR5lx7hZttPDgClv83E//FMNhR2TMcLUhfRUBHCmSl0oi9zMgDDqRUJkSxO3wm85+XLg==}

  '@protobufjs/codegen@2.0.4':
    resolution: {integrity: sha512-YyFaikqM5sH0ziFZCN3xDC7zeGaB/d0IUb9CATugHWbd1FRFwWwt4ld4OYMPWu5a3Xe01mGAULCdqhMlPl29Jg==}

  '@protobufjs/eventemitter@1.1.0':
    resolution: {integrity: sha512-j9ednRT81vYJ9OfVuXG6ERSTdEL1xVsNgqpkxMsbIabzSo3goCjDIveeGv5d03om39ML71RdmrGNjG5SReBP/Q==}

  '@protobufjs/fetch@1.1.0':
    resolution: {integrity: sha512-lljVXpqXebpsijW71PZaCYeIcE5on1w5DlQy5WH6GLbFryLUrBD4932W/E2BSpfRJWseIL4v/KPgBFxDOIdKpQ==}

  '@protobufjs/float@1.0.2':
    resolution: {integrity: sha512-Ddb+kVXlXst9d+R9PfTIxh1EdNkgoRe5tOX6t01f1lYWOvJnSPDBlG241QLzcyPdoNTsblLUdujGSE4RzrTZGQ==}

  '@protobufjs/inquire@1.1.0':
    resolution: {integrity: sha512-kdSefcPdruJiFMVSbn801t4vFK7KB/5gd2fYvrxhuJYg8ILrmn9SKSX2tZdV6V+ksulWqS7aXjBcRXl3wHoD9Q==}

  '@protobufjs/path@1.1.2':
    resolution: {integrity: sha512-6JOcJ5Tm08dOHAbdR3GrvP+yUUfkjG5ePsHYczMFLq3ZmMkAD98cDgcT2iA1lJ9NVwFd4tH/iSSoe44YWkltEA==}

  '@protobufjs/pool@1.1.0':
    resolution: {integrity: sha512-0kELaGSIDBKvcgS4zkjz1PeddatrjYcmMWOlAuAPwAeccUrPHdUqo/J6LiymHHEiJT5NrF1UVwxY14f+fy4WQw==}

  '@protobufjs/utf8@1.1.0':
    resolution: {integrity: sha512-Vvn3zZrhQZkkBE8LSuW3em98c0FwgO4nxzv6OdSxPKJIEKY2bGbHn+mhGIPerzI4twdxaP8/0+06HBpwf345Lw==}

  '@types/node@25.5.0':
    resolution: {integrity: sha512-jp2P3tQMSxWugkCUKLRPVUpGaL5MVFwF8RDuSRztfwgN1wmqJeMSbKlnEtQqU8UrhTmzEmZdu2I6v2dpp7XIxw==}

  '@typescript/vfs@1.6.4':
    resolution: {integrity: sha512-PJFXFS4ZJKiJ9Qiuix6Dz/OwEIqHD7Dme1UwZhTK11vR+5dqW2ACbdndWQexBzCx+CPuMe5WBYQWCsFyGlQLlQ==}
    peerDependencies:
      typescript: '*'

  ansi-regex@5.0.1:
    resolution: {integrity: sha512-quJQXlTSUGL2LH9SUXo8VwsY4soanhgo6LNSm84E1LBcE8s3O0wpdiRzyR9z/ZZJMlMWv37qOOb9pdJlMUEKFQ==}
    engines: {node: '>=8'}

  ansi-styles@4.3.0:
    resolution: {integrity: sha512-zbB9rCJAT1rbjiVDb2hqKFHNYLxgtk8NURxZ3IZwD3F6NtxbXZQCnnSi1Lkx+IDohdPlFp222wVALIheZJQSEg==}
    engines: {node: '>=8'}

  cliui@8.0.1:
    resolution: {integrity: sha512-BSeNnyus75C4//NQ9gQt1/csTXyo/8Sb+afLAkzAptFuMsod9HFokGNudZpi/oQV73hnVK+sR+5PVRMd+Dr7YQ==}
    engines: {node: '>=12'}

  cockatiel@4.0.0:
    resolution: {integrity: sha512-XpUZJnogsd03BGB19T9sv7Xb8SwvD8JddZV2Tlp0LNspopZ6Idv24ZwCl8vAGJ6JwODZ0zLRYVj3NWvmRcUDqA==}
    engines: {node: '>=22'}

  color-convert@2.0.1:
    resolution: {integrity: sha512-RRECPsj7iu/xb5oKYcsFHSppFNnsj/52OVTRKb4zP5onXwVF3zVmmToNcOfGC+CRDpfK/U584fMg38ZHCaElKQ==}
    engines: {node: '>=7.0.0'}

  color-name@1.1.4:
    resolution: {integrity: sha512-dOy+3AuW3a2wNbZHIuMZpTcgjGuLU/uBL/ubcZF9OXbDo8ff4O8yVp5Bf0efS8uEoYo5q4Fx7dY9OgQGXgAsQA==}

  debug@4.4.3:
    resolution: {integrity: sha512-RGwwWnwQvkVfavKVt22FGLw+xYSdzARwm0ru6DhTVA3umU5hZc28V3kO4stgYryrTlLpuvgI9GiijltAjNbcqA==}
    engines: {node: '>=6.0'}
    peerDependencies:
      supports-color: '*'
    peerDependenciesMeta:
      supports-color:
        optional: true

  emoji-regex@8.0.0:
    resolution: {integrity: sha512-MSjYzcWNOA0ewAHpz0MxpYFvwg6yjy1NG3xteoqz644VCo/RPgnr1/GGt+ic3iJTzQ8Eu3TdM14SawnVUmGE6A==}

  env-var@7.5.0:
    resolution: {integrity: sha512-mKZOzLRN0ETzau2W2QXefbFjo5EF4yWq28OyKb9ICdeNhHJlOE/pHHnz4hdYJ9cNZXcJHo5xN4OT4pzuSHSNvA==}
    engines: {node: '>=10'}

  escalade@3.2.0:
    resolution: {integrity: sha512-WUj2qlxaQtO4g6Pq5c29GTcWGDyd8itL8zTlipgECz3JesAiiOKotd8JU6otB3PACgG6xkJUyVhboMS+bje/jA==}
    engines: {node: '>=6'}

  get-caller-file@2.0.5:
    resolution: {integrity: sha512-DyFP3BM/3YHTQOCUL/w0OZHR0lpKeGrxotcHWcqNEdnltqFwXVfhEBQ94eIo34AfQpo0rGki4cyIiftY06h2Fg==}
    engines: {node: 6.* || 8.* || >= 10.*}

  is-fullwidth-code-point@3.0.0:
    resolution: {integrity: sha512-zymm5+u+sCsSWyD9qNaejV3DFvhCKclKdizYaJUuHA83RLjb7nSuGnddCHGv0hk+KY7BMAlsWeK4Ueg6EV6XQg==}
    engines: {node: '>=8'}

  lodash.camelcase@4.3.0:
    resolution: {integrity: sha512-TwuEnCnxbc3rAvhf/LbG7tJUDzhqXyFnv3dtzLOPgCG/hODL7WFnsbwktkD7yUV0RrreP/l1PALq/YSg6VvjlA==}

  long@5.3.2:
    resolution: {integrity: sha512-mNAgZ1GmyNhD7AuqnTG3/VQ26o760+ZYBPKjPvugO8+nLbYfX6TVpJPseBvopbdY+qpZ/lKUnmEc1LeZYS3QAA==}

  ms@2.1.3:
    resolution: {integrity: sha512-6FlzubTLZG3J2a/NVCAleEhjzq5oxgHyaCU9yYXvcLsvoVaHJq/s5xXI6/XXP6tz7R9xAOtHnSO/tXtF3WRTlA==}

  protobufjs@7.5.4:
    resolution: {integrity: sha512-CvexbZtbov6jW2eXAvLukXjXUW1TzFaivC46BpWc/3BpcCysb5Vffu+B3XHMm8lVEuy2Mm4XGex8hBSg1yapPg==}
    engines: {node: '>=12.0.0'}

  require-directory@2.1.1:
    resolution: {integrity: sha512-fGxEI7+wsG9xrvdjsrlmL22OMTTiHRwAMroiEeMgq8gzoLC/PQr7RsRDSTLUg/bZAZtF+TVIkHc6/4RIKrui+Q==}
    engines: {node: '>=0.10.0'}

  string-width@4.2.3:
    resolution: {integrity: sha512-wKyQRQpjJ0sIp62ErSZdGsjMJWsap5oRNihHhu6G7JVO/9jIB6UyevL+tXuOqrng8j/cxKTWyWUwvSTriiZz/g==}
    engines: {node: '>=8'}

  strip-ansi@6.0.1:
    resolution: {integrity: sha512-Y38VPSHcqkFrCpFnQ9vuSXmquuv5oXOKpGeT6aGrr3o3Gc9AlVa6JBfUSOCnbxGGZF+/0ooI7KrPuUSztUdU5A==}
    engines: {node: '>=8'}

  typescript@5.4.5:
    resolution: {integrity: sha512-vcI4UpRgg81oIRUFwR0WSIHKt11nJ7SAVlYNIu+QpqeyXP+gpQJy/Z4+F0aGxSE4MqwjyXvW/TzgkLAx2AGHwQ==}
    engines: {node: '>=14.17'}
    hasBin: true

  typescript@5.9.3:
    resolution: {integrity: sha512-jl1vZzPDinLr9eUt3J/t7V6FgNEw9QjvBPdysz9KfQDD41fQrC2Y4vKQdiaUpFT4bXlb1RHhLpp8wtm6M5TgSw==}
    engines: {node: '>=14.17'}
    hasBin: true

  undici-types@7.18.2:
    resolution: {integrity: sha512-AsuCzffGHJybSaRrmr5eHr81mwJU3kjw6M+uprWvCXiNeN9SOGwQ3Jn8jb8m3Z6izVgknn1R0FTCEAP2QrLY/w==}

  wrap-ansi@7.0.0:
    resolution: {integrity: sha512-YVGIj2kamLSTxw6NsZjoBxfSwsn0ycdesmc4p+Q21c5zPuZ1pl+NfxVdxPtdHvmNVOQ6XSYG4AUtyt/Fi7D16Q==}
    engines: {node: '>=10'}

  y18n@5.0.8:
    resolution: {integrity: sha512-0pfFzegeDWJHJIAmTLRP2DwHjdF5s7jo9tuztdQxAhINCdvS+3nGINqPd00AphqJR/0LhANUS6/+7SCb98YOfA==}
    engines: {node: '>=10'}

  yargs-parser@21.1.1:
    resolution: {integrity: sha512-tVpsJW7DdjecAiFpbIB1e3qxIQsE6NoPc5/eTdrbbIC4h0LVsWhnoa3g+m2HclBIujHzsxZ4VJVA+GUuc2/LBw==}
    engines: {node: '>=12'}

  yargs@17.7.2:
    resolution: {integrity: sha512-7dSzzRQ++CKnNI/krKnYRV7JKKPUXMEh61soaHKg9mrWEhzFWhFnxPxGl+69cD1Ou63C13NUPCnmIcrvqCuM6w==}
    engines: {node: '>=12'}

  zod@4.4.3:
    resolution: {integrity: sha512-ytENFjIJFl2UwYglde2jchW2Hwm4GJFLDiSXWdTrJQBIN9Fcyp7n4DhxJEiWNAJMV1/BqWfW/kkg71UDcHJyTQ==}

snapshots:

  '@bufbuild/buf-darwin-arm64@1.66.1':
    optional: true

  '@bufbuild/buf-darwin-x64@1.66.1':
    optional: true

  '@bufbuild/buf-linux-aarch64@1.66.1':
    optional: true

  '@bufbuild/buf-linux-armv7@1.66.1':
    optional: true

  '@bufbuild/buf-linux-x64@1.66.1':
    optional: true

  '@bufbuild/buf-win32-arm64@1.66.1':
    optional: true

  '@bufbuild/buf-win32-x64@1.66.1':
    optional: true

  '@bufbuild/buf@1.66.1':
    optionalDependencies:
      '@bufbuild/buf-darwin-arm64': 1.66.1
      '@bufbuild/buf-darwin-x64': 1.66.1
      '@bufbuild/buf-linux-aarch64': 1.66.1
      '@bufbuild/buf-linux-armv7': 1.66.1
      '@bufbuild/buf-linux-x64': 1.66.1
      '@bufbuild/buf-win32-arm64': 1.66.1
      '@bufbuild/buf-win32-x64': 1.66.1

  '@bufbuild/cel-spec@0.4.0(@bufbuild/protobuf@2.11.0)':
    dependencies:
      '@bufbuild/protobuf': 2.11.0

  '@bufbuild/cel@0.4.0(@bufbuild/protobuf@2.11.0)':
    dependencies:
      '@bufbuild/cel-spec': 0.4.0(@bufbuild/protobuf@2.11.0)
      '@bufbuild/protobuf': 2.11.0

  '@bufbuild/protobuf@2.11.0': {}

  '@bufbuild/protobuf@2.12.0': {}

  '@bufbuild/protoc-gen-es@2.11.0(@bufbuild/protobuf@2.11.0)':
    dependencies:
      '@bufbuild/protoplugin': 2.11.0
    optionalDependencies:
      '@bufbuild/protobuf': 2.11.0
    transitivePeerDependencies:
      - supports-color

  '@bufbuild/protoplugin@2.11.0':
    dependencies:
      '@bufbuild/protobuf': 2.11.0
      '@typescript/vfs': 1.6.4(typescript@5.4.5)
      typescript: 5.4.5
    transitivePeerDependencies:
      - supports-color

  '@bufbuild/protovalidate@1.1.1(@bufbuild/protobuf@2.11.0)':
    dependencies:
      '@bufbuild/cel': 0.4.0(@bufbuild/protobuf@2.11.0)
      '@bufbuild/protobuf': 2.11.0

  '@connectrpc/connect-node@2.1.1(@bufbuild/protobuf@2.11.0)(@connectrpc/connect@2.1.1(@bufbuild/protobuf@2.11.0))':
    dependencies:
      '@bufbuild/protobuf': 2.11.0
      '@connectrpc/connect': 2.1.1(@bufbuild/protobuf@2.11.0)

  '@connectrpc/connect-node@2.1.2(@bufbuild/protobuf@2.12.0)(@connectrpc/connect@2.1.2(@bufbuild/protobuf@2.12.0))':
    dependencies:
      '@bufbuild/protobuf': 2.12.0
      '@connectrpc/connect': 2.1.2(@bufbuild/protobuf@2.12.0)

  '@connectrpc/connect@2.1.1(@bufbuild/protobuf@2.11.0)':
    dependencies:
      '@bufbuild/protobuf': 2.11.0

  '@connectrpc/connect@2.1.2(@bufbuild/protobuf@2.11.0)':
    dependencies:
      '@bufbuild/protobuf': 2.11.0

  '@connectrpc/connect@2.1.2(@bufbuild/protobuf@2.12.0)':
    dependencies:
      '@bufbuild/protobuf': 2.12.0

  '@connectrpc/validate@0.2.0(@bufbuild/protobuf@2.12.0)(@bufbuild/protovalidate@1.1.1(@bufbuild/protobuf@2.11.0))(@connectrpc/connect@2.1.2(@bufbuild/protobuf@2.12.0))':
    dependencies:
      '@bufbuild/protobuf': 2.12.0
      '@bufbuild/protovalidate': 1.1.1(@bufbuild/protobuf@2.11.0)
      '@connectrpc/connect': 2.1.2(@bufbuild/protobuf@2.12.0)

  '@connectum/core@1.0.0':
    dependencies:
      '@bufbuild/protobuf': 2.12.0
      '@connectrpc/connect': 2.1.2(@bufbuild/protobuf@2.12.0)
      '@connectrpc/connect-node': 2.1.2(@bufbuild/protobuf@2.12.0)(@connectrpc/connect@2.1.2(@bufbuild/protobuf@2.12.0))
      env-var: 7.5.0
      zod: 4.4.3

  '@connectum/healthcheck@1.0.0(@connectum/core@1.0.0)':
    dependencies:
      '@bufbuild/protobuf': 2.12.0
      '@connectrpc/connect': 2.1.2(@bufbuild/protobuf@2.12.0)
      '@connectum/core': 1.0.0

  '@connectum/interceptors@1.0.0(@bufbuild/protovalidate@1.1.1(@bufbuild/protobuf@2.11.0))':
    dependencies:
      '@bufbuild/protobuf': 2.12.0
      '@connectrpc/connect': 2.1.2(@bufbuild/protobuf@2.12.0)
      '@connectrpc/validate': 0.2.0(@bufbuild/protobuf@2.12.0)(@bufbuild/protovalidate@1.1.1(@bufbuild/protobuf@2.11.0))(@connectrpc/connect@2.1.2(@bufbuild/protobuf@2.12.0))
      '@connectum/core': 1.0.0
      cockatiel: 4.0.0
    transitivePeerDependencies:
      - '@bufbuild/protovalidate'

  '@connectum/otel@1.0.0(@bufbuild/protobuf@2.11.0)':
    dependencies:
      '@connectrpc/connect': 2.1.2(@bufbuild/protobuf@2.11.0)
      '@opentelemetry/api': 1.9.0
      '@opentelemetry/api-logs': 0.219.0
      '@opentelemetry/exporter-logs-otlp-grpc': 0.219.0(@opentelemetry/api@1.9.0)
      '@opentelemetry/exporter-logs-otlp-http': 0.219.0(@opentelemetry/api@1.9.0)
      '@opentelemetry/exporter-metrics-otlp-grpc': 0.219.0(@opentelemetry/api@1.9.0)
      '@opentelemetry/exporter-metrics-otlp-http': 0.219.0(@opentelemetry/api@1.9.0)
      '@opentelemetry/exporter-trace-otlp-grpc': 0.219.0(@opentelemetry/api@1.9.0)
      '@opentelemetry/exporter-trace-otlp-http': 0.219.0(@opentelemetry/api@1.9.0)
      '@opentelemetry/resources': 2.8.0(@opentelemetry/api@1.9.0)
      '@opentelemetry/sdk-logs': 0.219.0(@opentelemetry/api@1.9.0)
      '@opentelemetry/sdk-metrics': 2.8.0(@opentelemetry/api@1.9.0)
      '@opentelemetry/sdk-trace-node': 2.8.0(@opentelemetry/api@1.9.0)
      '@opentelemetry/semantic-conventions': 1.41.1
      env-var: 7.5.0
    transitivePeerDependencies:
      - '@bufbuild/protobuf'

  '@connectum/reflection@1.0.0(@connectum/core@1.0.0)':
    dependencies:
      '@bufbuild/protobuf': 2.12.0
      '@connectrpc/connect': 2.1.2(@bufbuild/protobuf@2.12.0)
      '@connectum/core': 1.0.0
      '@lambdalisue/connectrpc-grpcreflect': 0.5.0

  '@grpc/grpc-js@1.14.3':
    dependencies:
      '@grpc/proto-loader': 0.8.0
      '@js-sdsl/ordered-map': 4.4.2

  '@grpc/proto-loader@0.8.0':
    dependencies:
      lodash.camelcase: 4.3.0
      long: 5.3.2
      protobufjs: 7.5.4
      yargs: 17.7.2

  '@js-sdsl/ordered-map@4.4.2': {}

  '@lambdalisue/connectrpc-grpcreflect@0.5.0':
    dependencies:
      '@bufbuild/protobuf': 2.11.0
      '@connectrpc/connect': 2.1.1(@bufbuild/protobuf@2.11.0)

  '@opentelemetry/api-logs@0.219.0':
    dependencies:
      '@opentelemetry/api': 1.9.0

  '@opentelemetry/api@1.9.0': {}

  '@opentelemetry/context-async-hooks@2.8.0(@opentelemetry/api@1.9.0)':
    dependencies:
      '@opentelemetry/api': 1.9.0

  '@opentelemetry/core@2.8.0(@opentelemetry/api@1.9.0)':
    dependencies:
      '@opentelemetry/api': 1.9.0
      '@opentelemetry/semantic-conventions': 1.40.0

  '@opentelemetry/exporter-logs-otlp-grpc@0.219.0(@opentelemetry/api@1.9.0)':
    dependencies:
      '@grpc/grpc-js': 1.14.3
      '@opentelemetry/api': 1.9.0
      '@opentelemetry/core': 2.8.0(@opentelemetry/api@1.9.0)
      '@opentelemetry/otlp-exporter-base': 0.219.0(@opentelemetry/api@1.9.0)
      '@opentelemetry/otlp-grpc-exporter-base': 0.219.0(@opentelemetry/api@1.9.0)
      '@opentelemetry/otlp-transformer': 0.219.0(@opentelemetry/api@1.9.0)
      '@opentelemetry/sdk-logs': 0.219.0(@opentelemetry/api@1.9.0)

  '@opentelemetry/exporter-logs-otlp-http@0.219.0(@opentelemetry/api@1.9.0)':
    dependencies:
      '@opentelemetry/api': 1.9.0
      '@opentelemetry/api-logs': 0.219.0
      '@opentelemetry/core': 2.8.0(@opentelemetry/api@1.9.0)
      '@opentelemetry/otlp-exporter-base': 0.219.0(@opentelemetry/api@1.9.0)
      '@opentelemetry/otlp-transformer': 0.219.0(@opentelemetry/api@1.9.0)
      '@opentelemetry/sdk-logs': 0.219.0(@opentelemetry/api@1.9.0)

  '@opentelemetry/exporter-metrics-otlp-grpc@0.219.0(@opentelemetry/api@1.9.0)':
    dependencies:
      '@grpc/grpc-js': 1.14.3
      '@opentelemetry/api': 1.9.0
      '@opentelemetry/core': 2.8.0(@opentelemetry/api@1.9.0)
      '@opentelemetry/exporter-metrics-otlp-http': 0.219.0(@opentelemetry/api@1.9.0)
      '@opentelemetry/otlp-exporter-base': 0.219.0(@opentelemetry/api@1.9.0)
      '@opentelemetry/otlp-grpc-exporter-base': 0.219.0(@opentelemetry/api@1.9.0)
      '@opentelemetry/otlp-transformer': 0.219.0(@opentelemetry/api@1.9.0)
      '@opentelemetry/resources': 2.8.0(@opentelemetry/api@1.9.0)
      '@opentelemetry/sdk-metrics': 2.8.0(@opentelemetry/api@1.9.0)

  '@opentelemetry/exporter-metrics-otlp-http@0.219.0(@opentelemetry/api@1.9.0)':
    dependencies:
      '@opentelemetry/api': 1.9.0
      '@opentelemetry/core': 2.8.0(@opentelemetry/api@1.9.0)
      '@opentelemetry/otlp-exporter-base': 0.219.0(@opentelemetry/api@1.9.0)
      '@opentelemetry/otlp-transformer': 0.219.0(@opentelemetry/api@1.9.0)
      '@opentelemetry/resources': 2.8.0(@opentelemetry/api@1.9.0)
      '@opentelemetry/sdk-metrics': 2.8.0(@opentelemetry/api@1.9.0)

  '@opentelemetry/exporter-trace-otlp-grpc@0.219.0(@opentelemetry/api@1.9.0)':
    dependencies:
      '@grpc/grpc-js': 1.14.3
      '@opentelemetry/api': 1.9.0
      '@opentelemetry/core': 2.8.0(@opentelemetry/api@1.9.0)
      '@opentelemetry/otlp-exporter-base': 0.219.0(@opentelemetry/api@1.9.0)
      '@opentelemetry/otlp-grpc-exporter-base': 0.219.0(@opentelemetry/api@1.9.0)
      '@opentelemetry/otlp-transformer': 0.219.0(@opentelemetry/api@1.9.0)
      '@opentelemetry/resources': 2.8.0(@opentelemetry/api@1.9.0)
      '@opentelemetry/sdk-trace-base': 2.8.0(@opentelemetry/api@1.9.0)

  '@opentelemetry/exporter-trace-otlp-http@0.219.0(@opentelemetry/api@1.9.0)':
    dependencies:
      '@opentelemetry/api': 1.9.0
      '@opentelemetry/core': 2.8.0(@opentelemetry/api@1.9.0)
      '@opentelemetry/otlp-exporter-base': 0.219.0(@opentelemetry/api@1.9.0)
      '@opentelemetry/otlp-transformer': 0.219.0(@opentelemetry/api@1.9.0)
      '@opentelemetry/resources': 2.8.0(@opentelemetry/api@1.9.0)
      '@opentelemetry/sdk-trace-base': 2.8.0(@opentelemetry/api@1.9.0)

  '@opentelemetry/otlp-exporter-base@0.219.0(@opentelemetry/api@1.9.0)':
    dependencies:
      '@opentelemetry/api': 1.9.0
      '@opentelemetry/core': 2.8.0(@opentelemetry/api@1.9.0)
      '@opentelemetry/otlp-transformer': 0.219.0(@opentelemetry/api@1.9.0)

  '@opentelemetry/otlp-grpc-exporter-base@0.219.0(@opentelemetry/api@1.9.0)':
    dependencies:
      '@grpc/grpc-js': 1.14.3
      '@opentelemetry/api': 1.9.0
      '@opentelemetry/core': 2.8.0(@opentelemetry/api@1.9.0)
      '@opentelemetry/otlp-exporter-base': 0.219.0(@opentelemetry/api@1.9.0)
      '@opentelemetry/otlp-transformer': 0.219.0(@opentelemetry/api@1.9.0)

  '@opentelemetry/otlp-transformer@0.219.0(@opentelemetry/api@1.9.0)':
    dependencies:
      '@opentelemetry/api': 1.9.0
      '@opentelemetry/api-logs': 0.219.0
      '@opentelemetry/core': 2.8.0(@opentelemetry/api@1.9.0)
      '@opentelemetry/resources': 2.8.0(@opentelemetry/api@1.9.0)
      '@opentelemetry/sdk-logs': 0.219.0(@opentelemetry/api@1.9.0)
      '@opentelemetry/sdk-metrics': 2.8.0(@opentelemetry/api@1.9.0)
      '@opentelemetry/sdk-trace-base': 2.8.0(@opentelemetry/api@1.9.0)

  '@opentelemetry/resources@2.8.0(@opentelemetry/api@1.9.0)':
    dependencies:
      '@opentelemetry/api': 1.9.0
      '@opentelemetry/core': 2.8.0(@opentelemetry/api@1.9.0)
      '@opentelemetry/semantic-conventions': 1.40.0

  '@opentelemetry/sdk-logs@0.219.0(@opentelemetry/api@1.9.0)':
    dependencies:
      '@opentelemetry/api': 1.9.0
      '@opentelemetry/api-logs': 0.219.0
      '@opentelemetry/core': 2.8.0(@opentelemetry/api@1.9.0)
      '@opentelemetry/resources': 2.8.0(@opentelemetry/api@1.9.0)
      '@opentelemetry/semantic-conventions': 1.40.0

  '@opentelemetry/sdk-metrics@2.8.0(@opentelemetry/api@1.9.0)':
    dependencies:
      '@opentelemetry/api': 1.9.0
      '@opentelemetry/core': 2.8.0(@opentelemetry/api@1.9.0)
      '@opentelemetry/resources': 2.8.0(@opentelemetry/api@1.9.0)

  '@opentelemetry/sdk-trace-base@2.8.0(@opentelemetry/api@1.9.0)':
    dependencies:
      '@opentelemetry/api': 1.9.0
      '@opentelemetry/core': 2.8.0(@opentelemetry/api@1.9.0)
      '@opentelemetry/resources': 2.8.0(@opentelemetry/api@1.9.0)
      '@opentelemetry/semantic-conventions': 1.40.0

  '@opentelemetry/sdk-trace-node@2.8.0(@opentelemetry/api@1.9.0)':
    dependencies:
      '@opentelemetry/api': 1.9.0
      '@opentelemetry/context-async-hooks': 2.8.0(@opentelemetry/api@1.9.0)
      '@opentelemetry/core': 2.8.0(@opentelemetry/api@1.9.0)
      '@opentelemetry/sdk-trace-base': 2.8.0(@opentelemetry/api@1.9.0)

  '@opentelemetry/semantic-conventions@1.40.0': {}

  '@opentelemetry/semantic-conventions@1.41.1': {}

  '@protobufjs/aspromise@1.1.2': {}

  '@protobufjs/base64@1.1.2': {}

  '@protobufjs/codegen@2.0.4': {}

  '@protobufjs/eventemitter@1.1.0': {}

  '@protobufjs/fetch@1.1.0':
    dependencies:
      '@protobufjs/aspromise': 1.1.2
      '@protobufjs/inquire': 1.1.0

  '@protobufjs/float@1.0.2': {}

  '@protobufjs/inquire@1.1.0': {}

  '@protobufjs/path@1.1.2': {}

  '@protobufjs/pool@1.1.0': {}

  '@protobufjs/utf8@1.1.0': {}

  '@types/node@25.5.0':
    dependencies:
      undici-types: 7.18.2

  '@typescript/vfs@1.6.4(typescript@5.4.5)':
    dependencies:
      debug: 4.4.3
      typescript: 5.4.5
    transitivePeerDependencies:
      - supports-color

  ansi-regex@5.0.1: {}

  ansi-styles@4.3.0:
    dependencies:
      color-convert: 2.0.1

  cliui@8.0.1:
    dependencies:
      string-width: 4.2.3
      strip-ansi: 6.0.1
      wrap-ansi: 7.0.0

  cockatiel@4.0.0: {}

  color-convert@2.0.1:
    dependencies:
      color-name: 1.1.4

  color-name@1.1.4: {}

  debug@4.4.3:
    dependencies:
      ms: 2.1.3

  emoji-regex@8.0.0: {}

  env-var@7.5.0: {}

  escalade@3.2.0: {}

  get-caller-file@2.0.5: {}

  is-fullwidth-code-point@3.0.0: {}

  lodash.camelcase@4.3.0: {}

  long@5.3.2: {}

  ms@2.1.3: {}

  protobufjs@7.5.4:
    dependencies:
      '@protobufjs/aspromise': 1.1.2
      '@protobufjs/base64': 1.1.2
      '@protobufjs/codegen': 2.0.4
      '@protobufjs/eventemitter': 1.1.0
      '@protobufjs/fetch': 1.1.0
      '@protobufjs/float': 1.0.2
      '@protobufjs/inquire': 1.1.0
      '@protobufjs/path': 1.1.2
      '@protobufjs/pool': 1.1.0
      '@protobufjs/utf8': 1.1.0
      '@types/node': 25.5.0
      long: 5.3.2

  require-directory@2.1.1: {}

  string-width@4.2.3:
    dependencies:
      emoji-regex: 8.0.0
      is-fullwidth-code-point: 3.0.0
      strip-ansi: 6.0.1

  strip-ansi@6.0.1:
    dependencies:
      ansi-regex: 5.0.1

  typescript@5.4.5: {}

  typescript@5.9.3: {}

  undici-types@7.18.2: {}

  wrap-ansi@7.0.0:
    dependencies:
      ansi-styles: 4.3.0
      string-width: 4.2.3
      strip-ansi: 6.0.1

  y18n@5.0.8: {}

  yargs-parser@21.1.1: {}

  yargs@17.7.2:
    dependencies:
      cliui: 8.0.1
      escalade: 3.2.0
      get-caller-file: 2.0.5
      require-directory: 2.1.1
      string-width: 4.2.3
      y18n: 5.0.8
      yargs-parser: 21.1.1

  zod@4.4.3: {}
